
Microsoft Visual Studio Solution File, Format Version 12.00
# Visual Studio Version 17
VisualStudioVersion = 17.0.31903.59
MinimumVisualStudioVersion = 10.0.40219.1
Project("{FAE04EC0-301F-11D3-BF4B-00C04F79EFBC}") = "BancoApp", "BancoApp\BancoApp.csproj", "{46324CF8-A076-4BB2-950C-8DD439A5DBF5}"
EndProject
Project("{FAE04EC0-301F-11D3-BF4B-00C04F79EFBC}") = "BancoApp.Tests", "BancoApp.Tests\BancoApp.Tests.csproj", "{F4A1F5D9-522C-4E60-9C65-9525AD314120}"
EndProject
Global
	GlobalSection(SolutionConfigurationPlatforms) = preSolution
		Debug|Any CPU = Debug|Any CPU
		Release|Any CPU = Release|Any CPU
	EndGlobalSection
	GlobalSection(SolutionProperties) = preSolution
		HideSolutionNode = FALSE
	EndGlobalSection
	GlobalSection(ProjectConfigurationPlatforms) = postSolution
		{46324CF8-A076-4BB2-950C-8DD439A5DBF5}.Debug|Any CPU.ActiveCfg = Debug|Any CPU
		{46324CF8-A076-4BB2-950C-8DD439A5DBF5}.Debug|Any CPU.Build.0 = Debug|Any CPU
		{46324CF8-A076-4BB2-950C-8DD439A5DBF5}.Release|Any CPU.ActiveCfg = Release|Any CPU
		{46324CF8-A076-4BB2-950C-8DD439A5DBF5}.Release|Any CPU.Build.0 = Release|Any CPU
		{F4A1F5D9-522C-4E60-9C65-9525AD314120}.Debug|Any CPU.ActiveCfg = Debug|Any CPU
		{F4A1F5D9-522C-4E60-9C65-9525AD314120}.Debug|Any CPU.Build.0 = Debug|Any CPU
		{F4A1F5D9-522C-4E60-9C65-9525AD314120}.Release|Any CPU.ActiveCfg = Release|Any CPU
		{F4A1F5D9-522C-4E60-9C65-9525AD314120}.Release|Any CPU.Build.0 = Release|Any CPU
	EndGlobalSection
EndGlobal
